
Microsoft Visual Studio Solution File, Format Version 12.00
# Visual Studio Version 16
VisualStudioVersion = 16.0.30907.101
MinimumVisualStudioVersion = 10.0.40219.1
Project("{9A19103F-16F7-4668-BE54-9A1E7A4F7556}") = "ItSec-ver4", "X:\Downloads\It-sec-ver-4-ver-3-main\ItSec-ver4\ItSec-ver4.csproj", "{DCAF6C15-359F-4A71-B662-B4BC814EFD11}"
EndProject
Global
	GlobalSection(SolutionConfigurationPlatforms) = preSolution
		Debug|Any CPU = Debug|Any CPU
		Release|Any CPU = Release|Any CPU
	EndGlobalSection
	GlobalSection(ProjectConfigurationPlatforms) = postSolution
		{DCAF6C15-359F-4A71-B662-B4BC814EFD11}.Debug|Any CPU.ActiveCfg = Debug|Any CPU
		{DCAF6C15-359F-4A71-B662-B4BC814EFD11}.Debug|Any CPU.Build.0 = Debug|Any CPU
		{DCAF6C15-359F-4A71-B662-B4BC814EFD11}.Release|Any CPU.ActiveCfg = Release|Any CPU
		{DCAF6C15-359F-4A71-B662-B4BC814EFD11}.Release|Any CPU.Build.0 = Release|Any CPU
	EndGlobalSection
	GlobalSection(SolutionProperties) = preSolution
		HideSolutionNode = FALSE
	EndGlobalSection
	GlobalSection(ExtensibilityGlobals) = postSolution
		SolutionGuid = {8F0442CD-3273-4D51-9F42-A53B48D27132}
	EndGlobalSection
EndGlobal
